
Microsoft Visual Studio Solution File, Format Version 12.00
# Visual Studio 15
VisualStudioVersion = 15.0.28307.329
MinimumVisualStudioVersion = 10.0.40219.1
Project("{FAE04EC0-301F-11D3-BF4B-00C04F79EFBC}") = "CodeFirst-StudentClassRoom", "CodeFirst-StudentClassRoom\CodeFirst-StudentClassRoom.csproj", "{03B8A6E3-1F52-4AE1-B308-D4AC7F641CD4}"
EndProject
Global
	GlobalSection(SolutionConfigurationPlatforms) = preSolution
		Debug|Any CPU = Debug|Any CPU
		Release|Any CPU = Release|Any CPU
	EndGlobalSection
	GlobalSection(ProjectConfigurationPlatforms) = postSolution
		{03B8A6E3-1F52-4AE1-B308-D4AC7F641CD4}.Debug|Any CPU.ActiveCfg = Debug|Any CPU
		{03B8A6E3-1F52-4AE1-B308-D4AC7F641CD4}.Debug|Any CPU.Build.0 = Debug|Any CPU
		{03B8A6E3-1F52-4AE1-B308-D4AC7F641CD4}.Release|Any CPU.ActiveCfg = Release|Any CPU
		{03B8A6E3-1F52-4AE1-B308-D4AC7F641CD4}.Release|Any CPU.Build.0 = Release|Any CPU
	EndGlobalSection
	GlobalSection(SolutionProperties) = preSolution
		HideSolutionNode = FALSE
	EndGlobalSection
	GlobalSection(ExtensibilityGlobals) = postSolution
		SolutionGuid = {D8A13583-6645-44BE-A9AD-76864D1B9F33}
	EndGlobalSection
EndGlobal
